
Microsoft Visual Studio Solution File, Format Version 12.00
# Visual Studio Version 17
VisualStudioVersion = 17.14.36518.9 d17.14
MinimumVisualStudioVersion = 10.0.40219.1
Project("{FAE04EC0-301F-11D3-BF4B-00C04F79EFBC}") = "ImplicitVariable", "ImplicitVariable\ImplicitVariable.csproj", "{A461EB53-D98D-4E52-B327-752B584CF126}"
EndProject
Project("{FAE04EC0-301F-11D3-BF4B-00C04F79EFBC}") = "ExtensionMethod", "ExtensionMethod\ExtensionMethod.csproj", "{960FA81C-90CC-41A9-B64A-3852F141809C}"
EndProject
Global
	GlobalSection(SolutionConfigurationPlatforms) = preSolution
		Debug|Any CPU = Debug|Any CPU
		Release|Any CPU = Release|Any CPU
	EndGlobalSection
	GlobalSection(ProjectConfigurationPlatforms) = postSolution
		{A461EB53-D98D-4E52-B327-752B584CF126}.Debug|Any CPU.ActiveCfg = Debug|Any CPU
		{A461EB53-D98D-4E52-B327-752B584CF126}.Debug|Any CPU.Build.0 = Debug|Any CPU
		{A461EB53-D98D-4E52-B327-752B584CF126}.Release|Any CPU.ActiveCfg = Release|Any CPU
		{A461EB53-D98D-4E52-B327-752B584CF126}.Release|Any CPU.Build.0 = Release|Any CPU
		{960FA81C-90CC-41A9-B64A-3852F141809C}.Debug|Any CPU.ActiveCfg = Debug|Any CPU
		{960FA81C-90CC-41A9-B64A-3852F141809C}.Debug|Any CPU.Build.0 = Debug|Any CPU
		{960FA81C-90CC-41A9-B64A-3852F141809C}.Release|Any CPU.ActiveCfg = Release|Any CPU
		{960FA81C-90CC-41A9-B64A-3852F141809C}.Release|Any CPU.Build.0 = Release|Any CPU
	EndGlobalSection
	GlobalSection(SolutionProperties) = preSolution
		HideSolutionNode = FALSE
	EndGlobalSection
	GlobalSection(ExtensibilityGlobals) = postSolution
		SolutionGuid = {E34BF742-E2D8-4C1E-A7DB-5F0F74A3A164}
	EndGlobalSection
EndGlobal
