
Microsoft Visual Studio Solution File, Format Version 12.00
# Visual Studio Version 17
VisualStudioVersion = 17.14.36518.9
MinimumVisualStudioVersion = 10.0.40219.1
Project("{FAE04EC0-301F-11D3-BF4B-00C04F79EFBC}") = "Day_3", "Day_3\Day_3.csproj", "{A6BED5CD-E727-4A12-A5E3-E0097F2A45B1}"
EndProject
Project("{FAE04EC0-301F-11D3-BF4B-00C04F79EFBC}") = "Abstract_Class", "Abstract_Class\Abstract_Class.csproj", "{D1A51347-9A70-448B-8234-8E90AF9D9200}"
EndProject
Global
	GlobalSection(SolutionConfigurationPlatforms) = preSolution
		Debug|Any CPU = Debug|Any CPU
		Release|Any CPU = Release|Any CPU
	EndGlobalSection
	GlobalSection(ProjectConfigurationPlatforms) = postSolution
		{A6BED5CD-E727-4A12-A5E3-E0097F2A45B1}.Debug|Any CPU.ActiveCfg = Debug|Any CPU
		{A6BED5CD-E727-4A12-A5E3-E0097F2A45B1}.Debug|Any CPU.Build.0 = Debug|Any CPU
		{A6BED5CD-E727-4A12-A5E3-E0097F2A45B1}.Release|Any CPU.ActiveCfg = Release|Any CPU
		{A6BED5CD-E727-4A12-A5E3-E0097F2A45B1}.Release|Any CPU.Build.0 = Release|Any CPU
		{D1A51347-9A70-448B-8234-8E90AF9D9200}.Debug|Any CPU.ActiveCfg = Debug|Any CPU
		{D1A51347-9A70-448B-8234-8E90AF9D9200}.Debug|Any CPU.Build.0 = Debug|Any CPU
		{D1A51347-9A70-448B-8234-8E90AF9D9200}.Release|Any CPU.ActiveCfg = Release|Any CPU
		{D1A51347-9A70-448B-8234-8E90AF9D9200}.Release|Any CPU.Build.0 = Release|Any CPU
	EndGlobalSection
	GlobalSection(SolutionProperties) = preSolution
		HideSolutionNode = FALSE
	EndGlobalSection
	GlobalSection(ExtensibilityGlobals) = postSolution
		SolutionGuid = {C82E39F0-2BAF-472A-99EB-3321AE366611}
	EndGlobalSection
EndGlobal
