
Microsoft Visual Studio Solution File, Format Version 12.00
# Visual Studio Version 17
VisualStudioVersion = 17.14.36518.9
MinimumVisualStudioVersion = 10.0.40219.1
Project("{FAE04EC0-301F-11D3-BF4B-00C04F79EFBC}") = "Day_05", "Day_05\Day_05.csproj", "{28D86130-E0B8-4551-B427-AF9CB173F19F}"
EndProject
Project("{FAE04EC0-301F-11D3-BF4B-00C04F79EFBC}") = "Collections", "Collections\Collections.csproj", "{FADECB67-DEA1-4A39-81C1-14B07B64EC24}"
EndProject
Project("{FAE04EC0-301F-11D3-BF4B-00C04F79EFBC}") = "Indicises", "Indicises\Indicises.csproj", "{021E10D9-19E4-4D95-B16E-808EC07D2FDE}"
EndProject
Global
	GlobalSection(SolutionConfigurationPlatforms) = preSolution
		Debug|Any CPU = Debug|Any CPU
		Release|Any CPU = Release|Any CPU
	EndGlobalSection
	GlobalSection(ProjectConfigurationPlatforms) = postSolution
		{28D86130-E0B8-4551-B427-AF9CB173F19F}.Debug|Any CPU.ActiveCfg = Debug|Any CPU
		{28D86130-E0B8-4551-B427-AF9CB173F19F}.Debug|Any CPU.Build.0 = Debug|Any CPU
		{28D86130-E0B8-4551-B427-AF9CB173F19F}.Release|Any CPU.ActiveCfg = Release|Any CPU
		{28D86130-E0B8-4551-B427-AF9CB173F19F}.Release|Any CPU.Build.0 = Release|Any CPU
		{FADECB67-DEA1-4A39-81C1-14B07B64EC24}.Debug|Any CPU.ActiveCfg = Debug|Any CPU
		{FADECB67-DEA1-4A39-81C1-14B07B64EC24}.Debug|Any CPU.Build.0 = Debug|Any CPU
		{FADECB67-DEA1-4A39-81C1-14B07B64EC24}.Release|Any CPU.ActiveCfg = Release|Any CPU
		{FADECB67-DEA1-4A39-81C1-14B07B64EC24}.Release|Any CPU.Build.0 = Release|Any CPU
		{021E10D9-19E4-4D95-B16E-808EC07D2FDE}.Debug|Any CPU.ActiveCfg = Debug|Any CPU
		{021E10D9-19E4-4D95-B16E-808EC07D2FDE}.Debug|Any CPU.Build.0 = Debug|Any CPU
		{021E10D9-19E4-4D95-B16E-808EC07D2FDE}.Release|Any CPU.ActiveCfg = Release|Any CPU
		{021E10D9-19E4-4D95-B16E-808EC07D2FDE}.Release|Any CPU.Build.0 = Release|Any CPU
	EndGlobalSection
	GlobalSection(SolutionProperties) = preSolution
		HideSolutionNode = FALSE
	EndGlobalSection
	GlobalSection(ExtensibilityGlobals) = postSolution
		SolutionGuid = {9D2FA2FF-CE81-4864-9302-532E4CC0920D}
	EndGlobalSection
EndGlobal
